
Microsoft Visual Studio Solution File, Format Version 12.00
# Visual Studio Version 16
VisualStudioVersion = 16.0.29326.143
MinimumVisualStudioVersion = 10.0.40219.1
Project("{FAE04EC0-301F-11D3-BF4B-00C04F79EFBC}") = "Client-Info_Tool", "Client-Info_Tool\Client-Info_Tool.csproj", "{5A70A9CB-45B8-4483-8764-3F1F1D4AD348}"
EndProject
Global
	GlobalSection(SolutionConfigurationPlatforms) = preSolution
		Debug|Any CPU = Debug|Any CPU
		Release|Any CPU = Release|Any CPU
	EndGlobalSection
	GlobalSection(ProjectConfigurationPlatforms) = postSolution
		{5A70A9CB-45B8-4483-8764-3F1F1D4AD348}.Debug|Any CPU.ActiveCfg = Debug|Any CPU
		{5A70A9CB-45B8-4483-8764-3F1F1D4AD348}.Debug|Any CPU.Build.0 = Debug|Any CPU
		{5A70A9CB-45B8-4483-8764-3F1F1D4AD348}.Release|Any CPU.ActiveCfg = Release|Any CPU
		{5A70A9CB-45B8-4483-8764-3F1F1D4AD348}.Release|Any CPU.Build.0 = Release|Any CPU
	EndGlobalSection
	GlobalSection(SolutionProperties) = preSolution
		HideSolutionNode = FALSE
	EndGlobalSection
	GlobalSection(ExtensibilityGlobals) = postSolution
		SolutionGuid = {87F492F5-C78C-4438-95F2-53D28B1ED733}
	EndGlobalSection
EndGlobal
